
Microsoft Visual Studio Solution File, Format Version 12.00
# Visual Studio Version 16
VisualStudioVersion = 16.0.31025.194
MinimumVisualStudioVersion = 10.0.40219.1
Project("{FAE04EC0-301F-11D3-BF4B-00C04F79EFBC}") = "ConsoleApp", "ConsoleApp.csproj", "{A5291FF7-77AF-4878-95BA-8776107FBDD8}"
EndProject
Global
	GlobalSection(SolutionConfigurationPlatforms) = preSolution
		Debug|Any CPU = Debug|Any CPU
		Release|Any CPU = Release|Any CPU
	EndGlobalSection
	GlobalSection(ProjectConfigurationPlatforms) = postSolution
		{A5291FF7-77AF-4878-95BA-8776107FBDD8}.Debug|Any CPU.ActiveCfg = Debug|Any CPU
		{A5291FF7-77AF-4878-95BA-8776107FBDD8}.Debug|Any CPU.Build.0 = Debug|Any CPU
		{A5291FF7-77AF-4878-95BA-8776107FBDD8}.Release|Any CPU.ActiveCfg = Release|Any CPU
		{A5291FF7-77AF-4878-95BA-8776107FBDD8}.Release|Any CPU.Build.0 = Release|Any CPU
	EndGlobalSection
	GlobalSection(SolutionProperties) = preSolution
		HideSolutionNode = FALSE
	EndGlobalSection
	GlobalSection(ExtensibilityGlobals) = postSolution
		SolutionGuid = {E0EAA246-77C7-4515-A2DB-F5EAC872CB2F}
	EndGlobalSection
EndGlobal
